
Microsoft Visual Studio Solution File, Format Version 12.00
# Visual Studio Version 17
VisualStudioVersion = 17.0.32014.148
MinimumVisualStudioVersion = 10.0.40219.1
Project("{FAE04EC0-301F-11D3-BF4B-00C04F79EFBC}") = "Netlyzer", "Netlyzer\Netlyzer.csproj", "{00504FC4-4F1C-42A0-B0ED-23D52D3AFE1D}"
EndProject
Global
	GlobalSection(SolutionConfigurationPlatforms) = preSolution
		Debug|Any CPU = Debug|Any CPU
		Release|Any CPU = Release|Any CPU
	EndGlobalSection
	GlobalSection(ProjectConfigurationPlatforms) = postSolution
		{00504FC4-4F1C-42A0-B0ED-23D52D3AFE1D}.Debug|Any CPU.ActiveCfg = Debug|Any CPU
		{00504FC4-4F1C-42A0-B0ED-23D52D3AFE1D}.Debug|Any CPU.Build.0 = Debug|Any CPU
		{00504FC4-4F1C-42A0-B0ED-23D52D3AFE1D}.Release|Any CPU.ActiveCfg = Release|Any CPU
		{00504FC4-4F1C-42A0-B0ED-23D52D3AFE1D}.Release|Any CPU.Build.0 = Release|Any CPU
	EndGlobalSection
	GlobalSection(SolutionProperties) = preSolution
		HideSolutionNode = FALSE
	EndGlobalSection
	GlobalSection(ExtensibilityGlobals) = postSolution
		SolutionGuid = {0069F21D-7A8E-4A47-9D3D-EAE0540F933B}
	EndGlobalSection
EndGlobal
